
Microsoft Visual Studio Solution File, Format Version 12.00
Project("{FAE04EC0-301F-11D3-BF4B-00C04F79EFBC}") = "Lab_4_2", "Lab_4_2\Lab_4_2.csproj", "{0E13CC1C-1865-4522-A888-2FF298663927}"
EndProject
Global
	GlobalSection(SolutionConfigurationPlatforms) = preSolution
		Debug|Any CPU = Debug|Any CPU
		Release|Any CPU = Release|Any CPU
	EndGlobalSection
	GlobalSection(ProjectConfigurationPlatforms) = postSolution
		{0E13CC1C-1865-4522-A888-2FF298663927}.Debug|Any CPU.ActiveCfg = Debug|Any CPU
		{0E13CC1C-1865-4522-A888-2FF298663927}.Debug|Any CPU.Build.0 = Debug|Any CPU
		{0E13CC1C-1865-4522-A888-2FF298663927}.Release|Any CPU.ActiveCfg = Release|Any CPU
		{0E13CC1C-1865-4522-A888-2FF298663927}.Release|Any CPU.Build.0 = Release|Any CPU
	EndGlobalSection
EndGlobal
